
Microsoft Visual Studio Solution File, Format Version 12.00
# Visual Studio Version 16
VisualStudioVersion = 16.0.31005.135
MinimumVisualStudioVersion = 10.0.40219.1
Project("{FAE04EC0-301F-11D3-BF4B-00C04F79EFBC}") = "DLLsSosPernambucanas", "DLLsSosPernambucanas\DLLsSosPernambucanas.csproj", "{3FEBF46F-6318-4C1B-9B66-B373CAB8D829}"
EndProject
Project("{FAE04EC0-301F-11D3-BF4B-00C04F79EFBC}") = "SosWebAdmin", "SosWebAdmin\SosWebAdmin.csproj", "{644D6AB2-15A0-4463-A99B-497652F76BF9}"
EndProject
Global
	GlobalSection(SolutionConfigurationPlatforms) = preSolution
		Debug|Any CPU = Debug|Any CPU
		Release|Any CPU = Release|Any CPU
	EndGlobalSection
	GlobalSection(ProjectConfigurationPlatforms) = postSolution
		{3FEBF46F-6318-4C1B-9B66-B373CAB8D829}.Debug|Any CPU.ActiveCfg = Debug|Any CPU
		{3FEBF46F-6318-4C1B-9B66-B373CAB8D829}.Debug|Any CPU.Build.0 = Debug|Any CPU
		{3FEBF46F-6318-4C1B-9B66-B373CAB8D829}.Release|Any CPU.ActiveCfg = Release|Any CPU
		{3FEBF46F-6318-4C1B-9B66-B373CAB8D829}.Release|Any CPU.Build.0 = Release|Any CPU
		{644D6AB2-15A0-4463-A99B-497652F76BF9}.Debug|Any CPU.ActiveCfg = Debug|Any CPU
		{644D6AB2-15A0-4463-A99B-497652F76BF9}.Debug|Any CPU.Build.0 = Debug|Any CPU
		{644D6AB2-15A0-4463-A99B-497652F76BF9}.Release|Any CPU.ActiveCfg = Release|Any CPU
		{644D6AB2-15A0-4463-A99B-497652F76BF9}.Release|Any CPU.Build.0 = Release|Any CPU
	EndGlobalSection
	GlobalSection(SolutionProperties) = preSolution
		HideSolutionNode = FALSE
	EndGlobalSection
	GlobalSection(ExtensibilityGlobals) = postSolution
		SolutionGuid = {E9D79128-EFB1-4E6B-8396-0F0028C920F6}
	EndGlobalSection
EndGlobal
